
Microsoft Visual Studio Solution File, Format Version 12.00
# Visual Studio Version 16
VisualStudioVersion = 16.0.31105.61
MinimumVisualStudioVersion = 10.0.40219.1
Project("{FAE04EC0-301F-11D3-BF4B-00C04F79EFBC}") = "BnkProject", "BnkProject.csproj", "{B0D913BC-B765-4669-BB1C-D5B80B28FA25}"
EndProject
Global
	GlobalSection(SolutionConfigurationPlatforms) = preSolution
		Debug|Any CPU = Debug|Any CPU
		Release|Any CPU = Release|Any CPU
	EndGlobalSection
	GlobalSection(ProjectConfigurationPlatforms) = postSolution
		{B0D913BC-B765-4669-BB1C-D5B80B28FA25}.Debug|Any CPU.ActiveCfg = Debug|Any CPU
		{B0D913BC-B765-4669-BB1C-D5B80B28FA25}.Debug|Any CPU.Build.0 = Debug|Any CPU
		{B0D913BC-B765-4669-BB1C-D5B80B28FA25}.Release|Any CPU.ActiveCfg = Release|Any CPU
		{B0D913BC-B765-4669-BB1C-D5B80B28FA25}.Release|Any CPU.Build.0 = Release|Any CPU
	EndGlobalSection
	GlobalSection(SolutionProperties) = preSolution
		HideSolutionNode = FALSE
	EndGlobalSection
	GlobalSection(ExtensibilityGlobals) = postSolution
		SolutionGuid = {36814AE3-68D7-447B-A24F-4EE47DF6CD63}
	EndGlobalSection
EndGlobal
